
Microsoft Visual Studio Solution File, Format Version 12.00
# Visual Studio Version 16
VisualStudioVersion = 16.0.30611.23
MinimumVisualStudioVersion = 10.0.40219.1
Project("{FAE04EC0-301F-11D3-BF4B-00C04F79EFBC}") = "ConsoleApp2", "ConsoleApp2\ConsoleApp2.csproj", "{04811B16-BF6D-42A9-B042-AF35AA947F10}"
EndProject
Global
	GlobalSection(SolutionConfigurationPlatforms) = preSolution
		Debug|Any CPU = Debug|Any CPU
		Release|Any CPU = Release|Any CPU
	EndGlobalSection
	GlobalSection(ProjectConfigurationPlatforms) = postSolution
		{04811B16-BF6D-42A9-B042-AF35AA947F10}.Debug|Any CPU.ActiveCfg = Debug|Any CPU
		{04811B16-BF6D-42A9-B042-AF35AA947F10}.Debug|Any CPU.Build.0 = Debug|Any CPU
		{04811B16-BF6D-42A9-B042-AF35AA947F10}.Release|Any CPU.ActiveCfg = Release|Any CPU
		{04811B16-BF6D-42A9-B042-AF35AA947F10}.Release|Any CPU.Build.0 = Release|Any CPU
	EndGlobalSection
	GlobalSection(SolutionProperties) = preSolution
		HideSolutionNode = FALSE
	EndGlobalSection
	GlobalSection(ExtensibilityGlobals) = postSolution
		SolutionGuid = {F4D0A069-468E-4040-AE1E-CE55A12CCEE5}
	EndGlobalSection
EndGlobal
